
Microsoft Visual Studio Solution File, Format Version 12.00
# Visual Studio Version 17
VisualStudioVersion = 17.7.34024.191
MinimumVisualStudioVersion = 10.0.40219.1
Project("{9A19103F-16F7-4668-BE54-9A1E7A4F7556}") = "Circustrein", "Circustrein.csproj", "{1A501B2D-072C-46B0-B169-00CBBF02C796}"
EndProject
Project("{FAE04EC0-301F-11D3-BF4B-00C04F79EFBC}") = "TrainTests", "..\TrainTests\TrainTests.csproj", "{BEC64CD8-6C5C-404C-8280-E93A74F86B32}"
EndProject
Global
	GlobalSection(SolutionConfigurationPlatforms) = preSolution
		Debug|Any CPU = Debug|Any CPU
		Release|Any CPU = Release|Any CPU
	EndGlobalSection
	GlobalSection(ProjectConfigurationPlatforms) = postSolution
		{1A501B2D-072C-46B0-B169-00CBBF02C796}.Debug|Any CPU.ActiveCfg = Debug|Any CPU
		{1A501B2D-072C-46B0-B169-00CBBF02C796}.Debug|Any CPU.Build.0 = Debug|Any CPU
		{1A501B2D-072C-46B0-B169-00CBBF02C796}.Release|Any CPU.ActiveCfg = Release|Any CPU
		{1A501B2D-072C-46B0-B169-00CBBF02C796}.Release|Any CPU.Build.0 = Release|Any CPU
		{BEC64CD8-6C5C-404C-8280-E93A74F86B32}.Debug|Any CPU.ActiveCfg = Debug|Any CPU
		{BEC64CD8-6C5C-404C-8280-E93A74F86B32}.Debug|Any CPU.Build.0 = Debug|Any CPU
		{BEC64CD8-6C5C-404C-8280-E93A74F86B32}.Release|Any CPU.ActiveCfg = Release|Any CPU
		{BEC64CD8-6C5C-404C-8280-E93A74F86B32}.Release|Any CPU.Build.0 = Release|Any CPU
	EndGlobalSection
	GlobalSection(SolutionProperties) = preSolution
		HideSolutionNode = FALSE
	EndGlobalSection
	GlobalSection(ExtensibilityGlobals) = postSolution
		SolutionGuid = {7DF66E52-E28D-4D74-9E04-6E6D86DBB6F8}
	EndGlobalSection
EndGlobal
